
Microsoft Visual Studio Solution File, Format Version 12.00
# Visual Studio Version 17
VisualStudioVersion = 17.0.31903.59
MinimumVisualStudioVersion = 10.0.40219.1
Project("{2150E333-8FDC-42A3-9474-1A3956D46DE8}") = "src", "src", "{827E0CD3-B72D-47B6-A68D-7590B98EB39B}"
EndProject
Project("{FAE04EC0-301F-11D3-BF4B-00C04F79EFBC}") = "CarAuction.Domain", "src\CarAuction.Domain\CarAuction.Domain.csproj", "{873CBAD8-CC11-4212-BC35-0AF645B36BE4}"
EndProject
Project("{FAE04EC0-301F-11D3-BF4B-00C04F79EFBC}") = "CarAuction.Application", "src\CarAuction.Application\CarAuction.Application.csproj", "{99188C24-3B86-4523-A4E1-950998444B0D}"
EndProject
Project("{FAE04EC0-301F-11D3-BF4B-00C04F79EFBC}") = "CarAuction.Infrastructure", "src\CarAuction.Infrastructure\CarAuction.Infrastructure.csproj", "{983BBC76-1950-49A9-B0F5-C7CA04B2BD20}"
EndProject
Project("{FAE04EC0-301F-11D3-BF4B-00C04F79EFBC}") = "CarAuction.API", "src\CarAuction.API\CarAuction.API.csproj", "{46454D61-24E7-4583-900A-2A5DA6B99CDE}"
EndProject
Global
	GlobalSection(SolutionConfigurationPlatforms) = preSolution
		Debug|Any CPU = Debug|Any CPU
		Debug|x64 = Debug|x64
		Debug|x86 = Debug|x86
		Release|Any CPU = Release|Any CPU
		Release|x64 = Release|x64
		Release|x86 = Release|x86
	EndGlobalSection
	GlobalSection(ProjectConfigurationPlatforms) = postSolution
		{873CBAD8-CC11-4212-BC35-0AF645B36BE4}.Debug|Any CPU.ActiveCfg = Debug|Any CPU
		{873CBAD8-CC11-4212-BC35-0AF645B36BE4}.Debug|Any CPU.Build.0 = Debug|Any CPU
		{873CBAD8-CC11-4212-BC35-0AF645B36BE4}.Debug|x64.ActiveCfg = Debug|Any CPU
		{873CBAD8-CC11-4212-BC35-0AF645B36BE4}.Debug|x64.Build.0 = Debug|Any CPU
		{873CBAD8-CC11-4212-BC35-0AF645B36BE4}.Debug|x86.ActiveCfg = Debug|Any CPU
		{873CBAD8-CC11-4212-BC35-0AF645B36BE4}.Debug|x86.Build.0 = Debug|Any CPU
		{873CBAD8-CC11-4212-BC35-0AF645B36BE4}.Release|Any CPU.ActiveCfg = Release|Any CPU
		{873CBAD8-CC11-4212-BC35-0AF645B36BE4}.Release|Any CPU.Build.0 = Release|Any CPU
		{873CBAD8-CC11-4212-BC35-0AF645B36BE4}.Release|x64.ActiveCfg = Release|Any CPU
		{873CBAD8-CC11-4212-BC35-0AF645B36BE4}.Release|x64.Build.0 = Release|Any CPU
		{873CBAD8-CC11-4212-BC35-0AF645B36BE4}.Release|x86.ActiveCfg = Release|Any CPU
		{873CBAD8-CC11-4212-BC35-0AF645B36BE4}.Release|x86.Build.0 = Release|Any CPU
		{99188C24-3B86-4523-A4E1-950998444B0D}.Debug|Any CPU.ActiveCfg = Debug|Any CPU
		{99188C24-3B86-4523-A4E1-950998444B0D}.Debug|Any CPU.Build.0 = Debug|Any CPU
		{99188C24-3B86-4523-A4E1-950998444B0D}.Debug|x64.ActiveCfg = Debug|Any CPU
		{99188C24-3B86-4523-A4E1-950998444B0D}.Debug|x64.Build.0 = Debug|Any CPU
		{99188C24-3B86-4523-A4E1-950998444B0D}.Debug|x86.ActiveCfg = Debug|Any CPU
		{99188C24-3B86-4523-A4E1-950998444B0D}.Debug|x86.Build.0 = Debug|Any CPU
		{99188C24-3B86-4523-A4E1-950998444B0D}.Release|Any CPU.ActiveCfg = Release|Any CPU
		{99188C24-3B86-4523-A4E1-950998444B0D}.Release|Any CPU.Build.0 = Release|Any CPU
		{99188C24-3B86-4523-A4E1-950998444B0D}.Release|x64.ActiveCfg = Release|Any CPU
		{99188C24-3B86-4523-A4E1-950998444B0D}.Release|x64.Build.0 = Release|Any CPU
		{99188C24-3B86-4523-A4E1-950998444B0D}.Release|x86.ActiveCfg = Release|Any CPU
		{99188C24-3B86-4523-A4E1-950998444B0D}.Release|x86.Build.0 = Release|Any CPU
		{983BBC76-1950-49A9-B0F5-C7CA04B2BD20}.Debug|Any CPU.ActiveCfg = Debug|Any CPU
		{983BBC76-1950-49A9-B0F5-C7CA04B2BD20}.Debug|Any CPU.Build.0 = Debug|Any CPU
		{983BBC76-1950-49A9-B0F5-C7CA04B2BD20}.Debug|x64.ActiveCfg = Debug|Any CPU
		{983BBC76-1950-49A9-B0F5-C7CA04B2BD20}.Debug|x64.Build.0 = Debug|Any CPU
		{983BBC76-1950-49A9-B0F5-C7CA04B2BD20}.Debug|x86.ActiveCfg = Debug|Any CPU
		{983BBC76-1950-49A9-B0F5-C7CA04B2BD20}.Debug|x86.Build.0 = Debug|Any CPU
		{983BBC76-1950-49A9-B0F5-C7CA04B2BD20}.Release|Any CPU.ActiveCfg = Release|Any CPU
		{983BBC76-1950-49A9-B0F5-C7CA04B2BD20}.Release|Any CPU.Build.0 = Release|Any CPU
		{983BBC76-1950-49A9-B0F5-C7CA04B2BD20}.Release|x64.ActiveCfg = Release|Any CPU
		{983BBC76-1950-49A9-B0F5-C7CA04B2BD20}.Release|x64.Build.0 = Release|Any CPU
		{983BBC76-1950-49A9-B0F5-C7CA04B2BD20}.Release|x86.ActiveCfg = Release|Any CPU
		{983BBC76-1950-49A9-B0F5-C7CA04B2BD20}.Release|x86.Build.0 = Release|Any CPU
		{46454D61-24E7-4583-900A-2A5DA6B99CDE}.Debug|Any CPU.ActiveCfg = Debug|Any CPU
		{46454D61-24E7-4583-900A-2A5DA6B99CDE}.Debug|Any CPU.Build.0 = Debug|Any CPU
		{46454D61-24E7-4583-900A-2A5DA6B99CDE}.Debug|x64.ActiveCfg = Debug|Any CPU
		{46454D61-24E7-4583-900A-2A5DA6B99CDE}.Debug|x64.Build.0 = Debug|Any CPU
		{46454D61-24E7-4583-900A-2A5DA6B99CDE}.Debug|x86.ActiveCfg = Debug|Any CPU
		{46454D61-24E7-4583-900A-2A5DA6B99CDE}.Debug|x86.Build.0 = Debug|Any CPU
		{46454D61-24E7-4583-900A-2A5DA6B99CDE}.Release|Any CPU.ActiveCfg = Release|Any CPU
		{46454D61-24E7-4583-900A-2A5DA6B99CDE}.Release|Any CPU.Build.0 = Release|Any CPU
		{46454D61-24E7-4583-900A-2A5DA6B99CDE}.Release|x64.ActiveCfg = Release|Any CPU
		{46454D61-24E7-4583-900A-2A5DA6B99CDE}.Release|x64.Build.0 = Release|Any CPU
		{46454D61-24E7-4583-900A-2A5DA6B99CDE}.Release|x86.ActiveCfg = Release|Any CPU
		{46454D61-24E7-4583-900A-2A5DA6B99CDE}.Release|x86.Build.0 = Release|Any CPU
	EndGlobalSection
	GlobalSection(SolutionProperties) = preSolution
		HideSolutionNode = FALSE
	EndGlobalSection
	GlobalSection(NestedProjects) = preSolution
		{873CBAD8-CC11-4212-BC35-0AF645B36BE4} = {827E0CD3-B72D-47B6-A68D-7590B98EB39B}
		{99188C24-3B86-4523-A4E1-950998444B0D} = {827E0CD3-B72D-47B6-A68D-7590B98EB39B}
		{983BBC76-1950-49A9-B0F5-C7CA04B2BD20} = {827E0CD3-B72D-47B6-A68D-7590B98EB39B}
		{46454D61-24E7-4583-900A-2A5DA6B99CDE} = {827E0CD3-B72D-47B6-A68D-7590B98EB39B}
	EndGlobalSection
EndGlobal
